// !$*UTF8*$!
{
	archiveVersion = 1;
	classes = {
	};
	objectVersion = 50;
	objects = {

/* Begin PBXBuildFile section */
		627C56EC22AC3743006A87CC /* AppDelegate.m in Sources */ = {isa = PBXBuildFile; fileRef = 627C56EB22AC3743006A87CC /* AppDelegate.m */; };
		627C56EF22AC3743006A87CC /* ViewController.m in Sources */ = {isa = PBXBuildFile; fileRef = 627C56EE22AC3743006A87CC /* ViewController.m */; };
		627C56F222AC3743006A87CC /* Main.storyboard in Resources */ = {isa = PBXBuildFile; fileRef = 627C56F022AC3743006A87CC /* Main.storyboard */; };
		627C56F422AC3744006A87CC /* Assets.xcassets in Resources */ = {isa = PBXBuildFile; fileRef = 627C56F322AC3744006A87CC /* Assets.xcassets */; };
		627C56F722AC3744006A87CC /* LaunchScreen.storyboard in Resources */ = {isa = PBXBuildFile; fileRef = 627C56F522AC3744006A87CC /* LaunchScreen.storyboard */; };
		627C56FA22AC3744006A87CC /* main.m in Sources */ = {isa = PBXBuildFile; fileRef = 627C56F922AC3744006A87CC /* main.m */; };
		627C570422AC3744006A87CC /* StrutsProblemTests.m in Sources */ = {isa = PBXBuildFile; fileRef = 627C570322AC3744006A87CC /* StrutsProblemTests.m */; };
		627C570F22AC3744006A87CC /* StrutsProblemUITests.m in Sources */ = {isa = PBXBuildFile; fileRef = 627C570E22AC3744006A87CC /* StrutsProblemUITests.m */; };
		627C572022AC47B8006A87CC /* Brad Cox.png in Resources */ = {isa = PBXBuildFile; fileRef = 627C571C22AC47B8006A87CC /* Brad Cox.png */; };
		627C572122AC47B8006A87CC /* Ray.png in Resources */ = {isa = PBXBuildFile; fileRef = 627C571D22AC47B8006A87CC /* Ray.png */; };
		627C572222AC47B8006A87CC /* Dennis Ritchie.png in Resources */ = {isa = PBXBuildFile; fileRef = 627C571E22AC47B8006A87CC /* Dennis Ritchie.png */; };
		627C572322AC47B8006A87CC /* Matthijs.png in Resources */ = {isa = PBXBuildFile; fileRef = 627C571F22AC47B8006A87CC /* Matthijs.png */; };
/* End PBXBuildFile section */

/* Begin PBXContainerItemProxy section */
		627C570022AC3744006A87CC /* PBXContainerItemProxy */ = {
			isa = PBXContainerItemProxy;
			containerPortal = 627C56DF22AC3743006A87CC /* Project object */;
			proxyType = 1;
			remoteGlobalIDString = 627C56E622AC3743006A87CC;
			remoteInfo = StrutsProblem;
		};
		627C570B22AC3744006A87CC /* PBXContainerItemProxy */ = {
			isa = PBXContainerItemProxy;
			containerPortal = 627C56DF22AC3743006A87CC /* Project object */;
			proxyType = 1;
			remoteGlobalIDString = 627C56E622AC3743006A87CC;
			remoteInfo = StrutsProblem;
		};
/* End PBXContainerItemProxy section */

/* Begin PBXFileReference section */
		627C56E722AC3743006A87CC /* StrutsProblem.app */ = {isa = PBXFileReference; explicitFileType = wrapper.application; includeInIndex = 0; path = StrutsProblem.app; sourceTree = BUILT_PRODUCTS_DIR; };
		627C56EA22AC3743006A87CC /* AppDelegate.h */ = {isa = PBXFileReference; lastKnownFileType = sourcecode.c.h; path = AppDelegate.h; sourceTree = "<group>"; };
		627C56EB22AC3743006A87CC /* AppDelegate.m */ = {isa = PBXFileReference; lastKnownFileType = sourcecode.c.objc; path = AppDelegate.m; sourceTree = "<group>"; };
		627C56ED22AC3743006A87CC /* ViewController.h */ = {isa = PBXFileReference; lastKnownFileType = sourcecode.c.h; path = ViewController.h; sourceTree = "<group>"; };
		627C56EE22AC3743006A87CC /* ViewController.m */ = {isa = PBXFileReference; lastKnownFileType = sourcecode.c.objc; path = ViewController.m; sourceTree = "<group>"; };
		627C56F122AC3743006A87CC /* Base */ = {isa = PBXFileReference; lastKnownFileType = file.storyboard; name = Base; path = Base.lproj/Main.storyboard; sourceTree = "<group>"; };
		627C56F322AC3744006A87CC /* Assets.xcassets */ = {isa = PBXFileReference; lastKnownFileType = folder.assetcatalog; path = Assets.xcassets; sourceTree = "<group>"; };
		627C56F622AC3744006A87CC /* Base */ = {isa = PBXFileReference; lastKnownFileType = file.storyboard; name = Base; path = Base.lproj/LaunchScreen.storyboard; sourceTree = "<group>"; };
		627C56F822AC3744006A87CC /* Info.plist */ = {isa = PBXFileReference; lastKnownFileType = text.plist.xml; path = Info.plist; sourceTree = "<group>"; };
		627C56F922AC3744006A87CC /* main.m */ = {isa = PBXFileReference; lastKnownFileType = sourcecode.c.objc; path = main.m; sourceTree = "<group>"; };
		627C56FF22AC3744006A87CC /* StrutsProblemTests.xctest */ = {isa = PBXFileReference; explicitFileType = wrapper.cfbundle; includeInIndex = 0; path = StrutsProblemTests.xctest; sourceTree = BUILT_PRODUCTS_DIR; };
		627C570322AC3744006A87CC /* StrutsProblemTests.m */ = {isa = PBXFileReference; lastKnownFileType = sourcecode.c.objc; path = StrutsProblemTests.m; sourceTree = "<group>"; };
		627C570522AC3744006A87CC /* Info.plist */ = {isa = PBXFileReference; lastKnownFileType = text.plist.xml; path = Info.plist; sourceTree = "<group>"; };
		627C570A22AC3744006A87CC /* StrutsProblemUITests.xctest */ = {isa = PBXFileReference; explicitFileType = wrapper.cfbundle; includeInIndex = 0; path = StrutsProblemUITests.xctest; sourceTree = BUILT_PRODUCTS_DIR; };
		627C570E22AC3744006A87CC /* StrutsProblemUITests.m */ = {isa = PBXFileReference; lastKnownFileType = sourcecode.c.objc; path = StrutsProblemUITests.m; sourceTree = "<group>"; };
		627C571022AC3744006A87CC /* Info.plist */ = {isa = PBXFileReference; lastKnownFileType = text.plist.xml; path = Info.plist; sourceTree = "<group>"; };
		627C571C22AC47B8006A87CC /* Brad Cox.png */ = {isa = PBXFileReference; lastKnownFileType = image.png; path = "Brad Cox.png"; sourceTree = "<group>"; };
		627C571D22AC47B8006A87CC /* Ray.png */ = {isa = PBXFileReference; lastKnownFileType = image.png; path = Ray.png; sourceTree = "<group>"; };
		627C571E22AC47B8006A87CC /* Dennis Ritchie.png */ = {isa = PBXFileReference; lastKnownFileType = image.png; path = "Dennis Ritchie.png"; sourceTree = "<group>"; };
		627C571F22AC47B8006A87CC /* Matthijs.png */ = {isa = PBXFileReference; lastKnownFileType = image.png; path = Matthijs.png; sourceTree = "<group>"; };
/* End PBXFileReference section */

/* Begin PBXFrameworksBuildPhase section */
		627C56E422AC3743006A87CC /* Frameworks */ = {
			isa = PBXFrameworksBuildPhase;
			buildActionMask = 2147483647;
			files = (
			);
			runOnlyForDeploymentPostprocessing = 0;
		};
		627C56FC22AC3744006A87CC /* Frameworks */ = {
			isa = PBXFrameworksBuildPhase;
			buildActionMask = 2147483647;
			files = (
			);
			runOnlyForDeploymentPostprocessing = 0;
		};
		627C570722AC3744006A87CC /* Frameworks */ = {
			isa = PBXFrameworksBuildPhase;
			buildActionMask = 2147483647;
			files = (
			);
			runOnlyForDeploymentPostprocessing = 0;
		};
/* End PBXFrameworksBuildPhase section */

/* Begin PBXGroup section */
		627C56DE22AC3742006A87CC = {
			isa = PBXGroup;
			children = (
				627C56E922AC3743006A87CC /* StrutsProblem */,
				627C570222AC3744006A87CC /* StrutsProblemTests */,
				627C570D22AC3744006A87CC /* StrutsProblemUITests */,
				627C56E822AC3743006A87CC /* Products */,
			);
			sourceTree = "<group>";
		};
		627C56E822AC3743006A87CC /* Products */ = {
			isa = PBXGroup;
			children = (
				627C56E722AC3743006A87CC /* StrutsProblem.app */,
				627C56FF22AC3744006A87CC /* StrutsProblemTests.xctest */,
				627C570A22AC3744006A87CC /* StrutsProblemUITests.xctest */,
			);
			name = Products;
			sourceTree = "<group>";
		};
		627C56E922AC3743006A87CC /* StrutsProblem */ = {
			isa = PBXGroup;
			children = (
				627C56EA22AC3743006A87CC /* AppDelegate.h */,
				627C56EB22AC3743006A87CC /* AppDelegate.m */,
				627C56ED22AC3743006A87CC /* ViewController.h */,
				627C56EE22AC3743006A87CC /* ViewController.m */,
				627C56F022AC3743006A87CC /* Main.storyboard */,
				627C56F322AC3744006A87CC /* Assets.xcassets */,
				627C56F522AC3744006A87CC /* LaunchScreen.storyboard */,
				627C56F822AC3744006A87CC /* Info.plist */,
				627C56F922AC3744006A87CC /* main.m */,
				627C571C22AC47B8006A87CC /* Brad Cox.png */,
				627C571E22AC47B8006A87CC /* Dennis Ritchie.png */,
				627C571F22AC47B8006A87CC /* Matthijs.png */,
				627C571D22AC47B8006A87CC /* Ray.png */,
			);
			path = StrutsProblem;
			sourceTree = "<group>";
		};
		627C570222AC3744006A87CC /* StrutsProblemTests */ = {
			isa = PBXGroup;
			children = (
				627C570322AC3744006A87CC /* StrutsProblemTests.m */,
				627C570522AC3744006A87CC /* Info.plist */,
			);
			path = StrutsProblemTests;
			sourceTree = "<group>";
		};
		627C570D22AC3744006A87CC /* StrutsProblemUITests */ = {
			isa = PBXGroup;
			children = (
				627C570E22AC3744006A87CC /* StrutsProblemUITests.m */,
				627C571022AC3744006A87CC /* Info.plist */,
			);
			path = StrutsProblemUITests;
			sourceTree = "<group>";
		};
/* End PBXGroup section */

/* Begin PBXNativeTarget section */
		627C56E622AC3743006A87CC /* StrutsProblem */ = {
			isa = PBXNativeTarget;
			buildConfigurationList = 627C571322AC3744006A87CC /* Build configuration list for PBXNativeTarget "StrutsProblem" */;
			buildPhases = (
				627C56E322AC3743006A87CC /* Sources */,
				627C56E422AC3743006A87CC /* Frameworks */,
				627C56E522AC3743006A87CC /* Resources */,
			);
			buildRules = (
			);
			dependencies = (
			);
			name = StrutsProblem;
			productName = StrutsProblem;
			productReference = 627C56E722AC3743006A87CC /* StrutsProblem.app */;
			productType = "com.apple.product-type.application";
		};
		627C56FE22AC3744006A87CC /* StrutsProblemTests */ = {
			isa = PBXNativeTarget;
			buildConfigurationList = 627C571622AC3744006A87CC /* Build configuration list for PBXNativeTarget "StrutsProblemTests" */;
			buildPhases = (
				627C56FB22AC3744006A87CC /* Sources */,
				627C56FC22AC3744006A87CC /* Frameworks */,
				627C56FD22AC3744006A87CC /* Resources */,
			);
			buildRules = (
			);
			dependencies = (
				627C570122AC3744006A87CC /* PBXTargetDependency */,
			);
			name = StrutsProblemTests;
			productName = StrutsProblemTests;
			productReference = 627C56FF22AC3744006A87CC /* StrutsProblemTests.xctest */;
			productType = "com.apple.product-type.bundle.unit-test";
		};
		627C570922AC3744006A87CC /* StrutsProblemUITests */ = {
			isa = PBXNativeTarget;
			buildConfigurationList = 627C571922AC3744006A87CC /* Build configuration list for PBXNativeTarget "StrutsProblemUITests" */;
			buildPhases = (
				627C570622AC3744006A87CC /* Sources */,
				627C570722AC3744006A87CC /* Frameworks */,
				627C570822AC3744006A87CC /* Resources */,
			);
			buildRules = (
			);
			dependencies = (
				627C570C22AC3744006A87CC /* PBXTargetDependency */,
			);
			name = StrutsProblemUITests;
			productName = StrutsProblemUITests;
			productReference = 627C570A22AC3744006A87CC /* StrutsProblemUITests.xctest */;
			productType = "com.apple.product-type.bundle.ui-testing";
		};
/* End PBXNativeTarget section */

/* Begin PBXProject section */
		627C56DF22AC3743006A87CC /* Project object */ = {
			isa = PBXProject;
			attributes = {
				LastUpgradeCheck = 1020;
				ORGANIZATIONNAME = "Cameron Mcleod";
				TargetAttributes = {
					627C56E622AC3743006A87CC = {
						CreatedOnToolsVersion = 10.2.1;
					};
					627C56FE22AC3744006A87CC = {
						CreatedOnToolsVersion = 10.2.1;
						TestTargetID = 627C56E622AC3743006A87CC;
					};
					627C570922AC3744006A87CC = {
						CreatedOnToolsVersion = 10.2.1;
						TestTargetID = 627C56E622AC3743006A87CC;
					};
				};
			};
			buildConfigurationList = 627C56E222AC3743006A87CC /* Build configuration list for PBXProject "StrutsProblem" */;
			compatibilityVersion = "Xcode 9.3";
			developmentRegion = en;
			hasScannedForEncodings = 0;
			knownRegions = (
				en,
				Base,
			);
			mainGroup = 627C56DE22AC3742006A87CC;
			productRefGroup = 627C56E822AC3743006A87CC /* Products */;
			projectDirPath = "";
			projectRoot = "";
			targets = (
				627C56E622AC3743006A87CC /* StrutsProblem */,
				627C56FE22AC3744006A87CC /* StrutsProblemTests */,
				627C570922AC3744006A87CC /* StrutsProblemUITests */,
			);
		};
/* End PBXProject section */

/* Begin PBXResourcesBuildPhase section */
		627C56E522AC3743006A87CC /* Resources */ = {
			isa = PBXResourcesBuildPhase;
			buildActionMask = 2147483647;
			files = (
				627C56F722AC3744006A87CC /* LaunchScreen.storyboard in Resources */,
				627C56F422AC3744006A87CC /* Assets.xcassets in Resources */,
				627C572222AC47B8006A87CC /* Dennis Ritchie.png in Resources */,
				627C572022AC47B8006A87CC /* Brad Cox.png in Resources */,
				627C572322AC47B8006A87CC /* Matthijs.png in Resources */,
				627C572122AC47B8006A87CC /* Ray.png in Resources */,
				627C56F222AC3743006A87CC /* Main.storyboard in Resources */,
			);
			runOnlyForDeploymentPostprocessing = 0;
		};
		627C56FD22AC3744006A87CC /* Resources */ = {
			isa = PBXResourcesBuildPhase;
			buildActionMask = 2147483647;
			files = (
			);
			runOnlyForDeploymentPostprocessing = 0;
		};
		627C570822AC3744006A87CC /* Resources */ = {
			isa = PBXResourcesBuildPhase;
			buildActionMask = 2147483647;
			files = (
			);
			runOnlyForDeploymentPostprocessing = 0;
		};
/* End PBXResourcesBuildPhase section */

/* Begin PBXSourcesBuildPhase section */
		627C56E322AC3743006A87CC /* Sources */ = {
			isa = PBXSourcesBuildPhase;
			buildActionMask = 2147483647;
			files = (
				627C56EF22AC3743006A87CC /* ViewController.m in Sources */,
				627C56FA22AC3744006A87CC /* main.m in Sources */,
				627C56EC22AC3743006A87CC /* AppDelegate.m in Sources */,
			);
			runOnlyForDeploymentPostprocessing = 0;
		};
		627C56FB22AC3744006A87CC /* Sources */ = {
			isa = PBXSourcesBuildPhase;
			buildActionMask = 2147483647;
			files = (
				627C570422AC3744006A87CC /* StrutsProblemTests.m in Sources */,
			);
			runOnlyForDeploymentPostprocessing = 0;
		};
		627C570622AC3744006A87CC /* Sources */ = {
			isa = PBXSourcesBuildPhase;
			buildActionMask = 2147483647;
			files = (
				627C570F22AC3744006A87CC /* StrutsProblemUITests.m in Sources */,
			);
			runOnlyForDeploymentPostprocessing = 0;
		};
/* End PBXSourcesBuildPhase section */

/* Begin PBXTargetDependency section */
		627C570122AC3744006A87CC /* PBXTargetDependency */ = {
			isa = PBXTargetDependency;
			target = 627C56E622AC3743006A87CC /* StrutsProblem */;
			targetProxy = 627C570022AC3744006A87CC /* PBXContainerItemProxy */;
		};
		627C570C22AC3744006A87CC /* PBXTargetDependency */ = {
			isa = PBXTargetDependency;
			target = 627C56E622AC3743006A87CC /* StrutsProblem */;
			targetProxy = 627C570B22AC3744006A87CC /* PBXContainerItemProxy */;
		};
/* End PBXTargetDependency section */

/* Begin PBXVariantGroup section */
		627C56F022AC3743006A87CC /* Main.storyboard */ = {
			isa = PBXVariantGroup;
			children = (
				627C56F122AC3743006A87CC /* Base */,
			);
			name = Main.storyboard;
			sourceTree = "<group>";
		};
		627C56F522AC3744006A87CC /* LaunchScreen.storyboard */ = {
			isa = PBXVariantGroup;
			children = (
				627C56F622AC3744006A87CC /* Base */,
			);
			name = LaunchScreen.storyboard;
			sourceTree = "<group>";
		};
/* End PBXVariantGroup section */

/* Begin XCBuildConfiguration section */
		627C571122AC3744006A87CC /* Debug */ = {
			isa = XCBuildConfiguration;
			buildSettings = {
				ALWAYS_SEARCH_USER_PATHS = NO;
				CLANG_ANALYZER_NONNULL = YES;
				CLANG_ANALYZER_NUMBER_OBJECT_CONVERSION = YES_AGGRESSIVE;
				CLANG_CXX_LANGUAGE_STANDARD = "gnu++14";
				CLANG_CXX_LIBRARY = "libc++";
				CLANG_ENABLE_MODULES = YES;
				CLANG_ENABLE_OBJC_ARC = YES;
				CLANG_ENABLE_OBJC_WEAK = YES;
				CLANG_WARN_BLOCK_CAPTURE_AUTORELEASING = YES;
				CLANG_WARN_BOOL_CONVERSION = YES;
				CLANG_WARN_COMMA = YES;
				CLANG_WARN_CONSTANT_CONVERSION = YES;
				CLANG_WARN_DEPRECATED_OBJC_IMPLEMENTATIONS = YES;
				CLANG_WARN_DIRECT_OBJC_ISA_USAGE = YES_ERROR;
				CLANG_WARN_DOCUMENTATION_COMMENTS = YES;
				CLANG_WARN_EMPTY_BODY = YES;
				CLANG_WARN_ENUM_CONVERSION = YES;
				CLANG_WARN_INFINITE_RECURSION = YES;
				CLANG_WARN_INT_CONVERSION = YES;
				CLANG_WARN_NON_LITERAL_NULL_CONVERSION = YES;
				CLANG_WARN_OBJC_IMPLICIT_RETAIN_SELF = YES;
				CLANG_WARN_OBJC_LITERAL_CONVERSION = YES;
				CLANG_WARN_OBJC_ROOT_CLASS = YES_ERROR;
				CLANG_WARN_RANGE_LOOP_ANALYSIS = YES;
				CLANG_WARN_STRICT_PROTOTYPES = YES;
				CLANG_WARN_SUSPICIOUS_MOVE = YES;
				CLANG_WARN_UNGUARDED_AVAILABILITY = YES_AGGRESSIVE;
				CLANG_WARN_UNREACHABLE_CODE = YES;
				CLANG_WARN__DUPLICATE_METHOD_MATCH = YES;
				CODE_SIGN_IDENTITY = "iPhone Developer";
				COPY_PHASE_STRIP = NO;
				DEBUG_INFORMATION_FORMAT = dwarf;
				ENABLE_STRICT_OBJC_MSGSEND = YES;
				ENABLE_TESTABILITY = YES;
				GCC_C_LANGUAGE_STANDARD = gnu11;
				GCC_DYNAMIC_NO_PIC = NO;
				GCC_NO_COMMON_BLOCKS = YES;
				GCC_OPTIMIZATION_LEVEL = 0;
				GCC_PREPROCESSOR_DEFINITIONS = (
					"DEBUG=1",
					"$(inherited)",
				);
				GCC_WARN_64_TO_32_BIT_CONVERSION = YES;
				GCC_WARN_ABOUT_RETURN_TYPE = YES_ERROR;
				GCC_WARN_UNDECLARED_SELECTOR = YES;
				GCC_WARN_UNINITIALIZED_AUTOS = YES_AGGRESSIVE;
				GCC_WARN_UNUSED_FUNCTION = YES;
				GCC_WARN_UNUSED_VARIABLE = YES;
				IPHONEOS_DEPLOYMENT_TARGET = 12.2;
				MTL_ENABLE_DEBUG_INFO = INCLUDE_SOURCE;
				MTL_FAST_MATH = YES;
				ONLY_ACTIVE_ARCH = YES;
				SDKROOT = iphoneos;
			};
			name = Debug;
		};
		627C571222AC3744006A87CC /* Release */ = {
			isa = XCBuildConfiguration;
			buildSettings = {
				ALWAYS_SEARCH_USER_PATHS = NO;
				CLANG_ANALYZER_NONNULL = YES;
				CLANG_ANALYZER_NUMBER_OBJECT_CONVERSION = YES_AGGRESSIVE;
				CLANG_CXX_LANGUAGE_STANDARD = "gnu++14";
				CLANG_CXX_LIBRARY = "libc++";
				CLANG_ENABLE_MODULES = YES;
				CLANG_ENABLE_OBJC_ARC = YES;
				CLANG_ENABLE_OBJC_WEAK = YES;
				CLANG_WARN_BLOCK_CAPTURE_AUTORELEASING = YES;
				CLANG_WARN_BOOL_CONVERSION = YES;
				CLANG_WARN_COMMA = YES;
				CLANG_WARN_CONSTANT_CONVERSION = YES;
				CLANG_WARN_DEPRECATED_OBJC_IMPLEMENTATIONS = YES;
				CLANG_WARN_DIRECT_OBJC_ISA_USAGE = YES_ERROR;
				CLANG_WARN_DOCUMENTATION_COMMENTS = YES;
				CLANG_WARN_EMPTY_BODY = YES;
				CLANG_WARN_ENUM_CONVERSION = YES;
				CLANG_WARN_INFINITE_RECURSION = YES;
				CLANG_WARN_INT_CONVERSION = YES;
				CLANG_WARN_NON_LITERAL_NULL_CONVERSION = YES;
				CLANG_WARN_OBJC_IMPLICIT_RETAIN_SELF = YES;
				CLANG_WARN_OBJC_LITERAL_CONVERSION = YES;
				CLANG_WARN_OBJC_ROOT_CLASS = YES_ERROR;
				CLANG_WARN_RANGE_LOOP_ANALYSIS = YES;
				CLANG_WARN_STRICT_PROTOTYPES = YES;
				CLANG_WARN_SUSPICIOUS_MOVE = YES;
				CLANG_WARN_UNGUARDED_AVAILABILITY = YES_AGGRESSIVE;
				CLANG_WARN_UNREACHABLE_CODE = YES;
				CLANG_WARN__DUPLICATE_METHOD_MATCH = YES;
				CODE_SIGN_IDENTITY = "iPhone Developer";
				COPY_PHASE_STRIP = NO;
				DEBUG_INFORMATION_FORMAT = "dwarf-with-dsym";
				ENABLE_NS_ASSERTIONS = NO;
				ENABLE_STRICT_OBJC_MSGSEND = YES;
				GCC_C_LANGUAGE_STANDARD = gnu11;
				GCC_NO_COMMON_BLOCKS = YES;
				GCC_WARN_64_TO_32_BIT_CONVERSION = YES;
				GCC_WARN_ABOUT_RETURN_TYPE = YES_ERROR;
				GCC_WARN_UNDECLARED_SELECTOR = YES;
				GCC_WARN_UNINITIALIZED_AUTOS = YES_AGGRESSIVE;
				GCC_WARN_UNUSED_FUNCTION = YES;
				GCC_WARN_UNUSED_VARIABLE = YES;
				IPHONEOS_DEPLOYMENT_TARGET = 12.2;
				MTL_ENABLE_DEBUG_INFO = NO;
				MTL_FAST_MATH = YES;
				SDKROOT = iphoneos;
				VALIDATE_PRODUCT = YES;
			};
			name = Release;
		};
		627C571422AC3744006A87CC /* Debug */ = {
			isa = XCBuildConfiguration;
			buildSettings = {
				ASSETCATALOG_COMPILER_APPICON_NAME = AppIcon;
				CODE_SIGN_STYLE = Automatic;
				DEVELOPMENT_TEAM = 79VHH58USY;
				INFOPLIST_FILE = StrutsProblem/Info.plist;
				LD_RUNPATH_SEARCH_PATHS = (
					"$(inherited)",
					"@executable_path/Frameworks",
				);
				PRODUCT_BUNDLE_IDENTIFIER = Lighthouse.StrutsProblem;
				PRODUCT_NAME = "$(TARGET_NAME)";
				TARGETED_DEVICE_FAMILY = "1,2";
			};
			name = Debug;
		};
		627C571522AC3744006A87CC /* Release */ = {
			isa = XCBuildConfiguration;
			buildSettings = {
				ASSETCATALOG_COMPILER_APPICON_NAME = AppIcon;
				CODE_SIGN_STYLE = Automatic;
				DEVELOPMENT_TEAM = 79VHH58USY;
				INFOPLIST_FILE = StrutsProblem/Info.plist;
				LD_RUNPATH_SEARCH_PATHS = (
					"$(inherited)",
					"@executable_path/Frameworks",
				);
				PRODUCT_BUNDLE_IDENTIFIER = Lighthouse.StrutsProblem;
				PRODUCT_NAME = "$(TARGET_NAME)";
				TARGETED_DEVICE_FAMILY = "1,2";
			};
			name = Release;
		};
		627C571722AC3744006A87CC /* Debug */ = {
			isa = XCBuildConfiguration;
			buildSettings = {
				BUNDLE_LOADER = "$(TEST_HOST)";
				CODE_SIGN_STYLE = Automatic;
				DEVELOPMENT_TEAM = 79VHH58USY;
				INFOPLIST_FILE = StrutsProblemTests/Info.plist;
				LD_RUNPATH_SEARCH_PATHS = (
					"$(inherited)",
					"@executable_path/Frameworks",
					"@loader_path/Frameworks",
				);
				PRODUCT_BUNDLE_IDENTIFIER = Lighthouse.StrutsProblemTests;
				PRODUCT_NAME = "$(TARGET_NAME)";
				TARGETED_DEVICE_FAMILY = "1,2";
				TEST_HOST = "$(BUILT_PRODUCTS_DIR)/StrutsProblem.app/StrutsProblem";
			};
			name = Debug;
		};
		627C571822AC3744006A87CC /* Release */ = {
			isa = XCBuildConfiguration;
			buildSettings = {
				BUNDLE_LOADER = "$(TEST_HOST)";
				CODE_SIGN_STYLE = Automatic;
				DEVELOPMENT_TEAM = 79VHH58USY;
				INFOPLIST_FILE = StrutsProblemTests/Info.plist;
				LD_RUNPATH_SEARCH_PATHS = (
					"$(inherited)",
					"@executable_path/Frameworks",
					"@loader_path/Frameworks",
				);
				PRODUCT_BUNDLE_IDENTIFIER = Lighthouse.StrutsProblemTests;
				PRODUCT_NAME = "$(TARGET_NAME)";
				TARGETED_DEVICE_FAMILY = "1,2";
				TEST_HOST = "$(BUILT_PRODUCTS_DIR)/StrutsProblem.app/StrutsProblem";
			};
			name = Release;
		};
		627C571A22AC3744006A87CC /* Debug */ = {
			isa = XCBuildConfiguration;
			buildSettings = {
				CODE_SIGN_STYLE = Automatic;
				DEVELOPMENT_TEAM = 79VHH58USY;
				INFOPLIST_FILE = StrutsProblemUITests/Info.plist;
				LD_RUNPATH_SEARCH_PATHS = (
					"$(inherited)",
					"@executable_path/Frameworks",
					"@loader_path/Frameworks",
				);
				PRODUCT_BUNDLE_IDENTIFIER = Lighthouse.StrutsProblemUITests;
				PRODUCT_NAME = "$(TARGET_NAME)";
				TARGETED_DEVICE_FAMILY = "1,2";
				TEST_TARGET_NAME = StrutsProblem;
			};
			name = Debug;
		};
		627C571B22AC3744006A87CC /* Release */ = {
			isa = XCBuildConfiguration;
			buildSettings = {
				CODE_SIGN_STYLE = Automatic;
				DEVELOPMENT_TEAM = 79VHH58USY;
				INFOPLIST_FILE = StrutsProblemUITests/Info.plist;
				LD_RUNPATH_SEARCH_PATHS = (
					"$(inherited)",
					"@executable_path/Frameworks",
					"@loader_path/Frameworks",
				);
				PRODUCT_BUNDLE_IDENTIFIER = Lighthouse.StrutsProblemUITests;
				PRODUCT_NAME = "$(TARGET_NAME)";
				TARGETED_DEVICE_FAMILY = "1,2";
				TEST_TARGET_NAME = StrutsProblem;
			};
			name = Release;
		};
/* End XCBuildConfiguration section */

/* Begin XCConfigurationList section */
		627C56E222AC3743006A87CC /* Build configuration list for PBXProject "StrutsProblem" */ = {
			isa = XCConfigurationList;
			buildConfigurations = (
				627C571122AC3744006A87CC /* Debug */,
				627C571222AC3744006A87CC /* Release */,
			);
			defaultConfigurationIsVisible = 0;
			defaultConfigurationName = Release;
		};
		627C571322AC3744006A87CC /* Build configuration list for PBXNativeTarget "StrutsProblem" */ = {
			isa = XCConfigurationList;
			buildConfigurations = (
				627C571422AC3744006A87CC /* Debug */,
				627C571522AC3744006A87CC /* Release */,
			);
			defaultConfigurationIsVisible = 0;
			defaultConfigurationName = Release;
		};
		627C571622AC3744006A87CC /* Build configuration list for PBXNativeTarget "StrutsProblemTests" */ = {
			isa = XCConfigurationList;
			buildConfigurations = (
				627C571722AC3744006A87CC /* Debug */,
				627C571822AC3744006A87CC /* Release */,
			);
			defaultConfigurationIsVisible = 0;
			defaultConfigurationName = Release;
		};
		627C571922AC3744006A87CC /* Build configuration list for PBXNativeTarget "StrutsProblemUITests" */ = {
			isa = XCConfigurationList;
			buildConfigurations = (
				627C571A22AC3744006A87CC /* Debug */,
				627C571B22AC3744006A87CC /* Release */,
			);
			defaultConfigurationIsVisible = 0;
			defaultConfigurationName = Release;
		};
/* End XCConfigurationList section */
	};
	rootObject = 627C56DF22AC3743006A87CC /* Project object */;
}
